name: Fix — Regenerate composer.lock

on:
  workflow_dispatch:
  push:
    branches: [ feat/growth-module-6687823184469251636 ]
    paths:
      - 'api/composer.json'

permissions:
  contents: write

jobs:
  regen-lock:
    name: composer update predis → commit lock
    runs-on: ubuntu-latest
    steps:
      - uses: actions/checkout@v5
        with:
          token: ${{ secrets.GITHUB_TOKEN }}
          ref: ${{ github.head_ref || github.ref_name }}

      - uses: shivammathur/setup-php@v2
        with:
          php-version: '8.4'
          extensions: pdo, pdo_pgsql, pdo_sqlite, sqlite3, bcmath, mbstring, xml, zip, gd
          tools: composer:v2

      - name: Regenerate lock for security dependencies
        working-directory: ./api
        run: |
          composer update guzzlehttp/psr7 phpseclib/phpseclib guzzlehttp/guzzle --no-interaction --prefer-dist

      - name: Commit updated composer.lock
        run: |
          git config user.email "bot@kiloclaw.ai"
          git config user.name "KiloClaw [bot]"
          git add api/composer.json api/composer.lock
          if git diff --cached --quiet; then
            echo "Nothing to commit"
          else
            git commit -m "fix(ci): regenerate composer.lock for security dependencies [skip ci]"
            git push
          fi
